
Microsoft Visual Studio Solution File, Format Version 11.00
# Visual Studio 2010
Project("{FAE04EC0-301F-11D3-BF4B-00C04F79EFBC}") = "Assembly-CSharp-firstpass", "Assembly-CSharp-firstpass.csproj", "{2c513424-5695-f95f-4350-271f3c499720}"
EndProject
Project("{FAE04EC0-301F-11D3-BF4B-00C04F79EFBC}") = "Assembly-CSharp", "Assembly-CSharp.csproj", "{9bc8b2d1-b282-4d3f-6161-9d84749585d4}"
EndProject
Project("{FAE04EC0-301F-11D3-BF4B-00C04F79EFBC}") = "Assembly-CSharp-Editor-firstpass", "Assembly-CSharp-Editor-firstpass.csproj", "{95a6f502-287d-49bf-c75f-05e639cc8945}"
EndProject
Global
	GlobalSection(SolutionConfigurationPlatforms) = preSolution
		Debug|Any CPU = Debug|Any CPU
	EndGlobalSection
	GlobalSection(ProjectConfigurationPlatforms) = postSolution
		{2c513424-5695-f95f-4350-271f3c499720}.Debug|Any CPU.ActiveCfg = Debug|Any CPU
		{2c513424-5695-f95f-4350-271f3c499720}.Debug|Any CPU.Build.0 = Debug|Any CPU
		{9bc8b2d1-b282-4d3f-6161-9d84749585d4}.Debug|Any CPU.ActiveCfg = Debug|Any CPU
		{9bc8b2d1-b282-4d3f-6161-9d84749585d4}.Debug|Any CPU.Build.0 = Debug|Any CPU
		{95a6f502-287d-49bf-c75f-05e639cc8945}.Debug|Any CPU.ActiveCfg = Debug|Any CPU
		{95a6f502-287d-49bf-c75f-05e639cc8945}.Debug|Any CPU.Build.0 = Debug|Any CPU
	EndGlobalSection
	GlobalSection(SolutionProperties) = preSolution
		HideSolutionNode = FALSE
	EndGlobalSection
EndGlobal
